// !$*UTF8*$!
{
	archiveVersion = 1;
	classes = {
	};
	objectVersion = 50;
	objects = {

/* Begin PBXBuildFile section */
		7C2FF31A24F5E9450079FBAD /* MovieDetail.swift in Sources */ = {isa = PBXBuildFile; fileRef = 7C2FF31924F5E9450079FBAD /* MovieDetail.swift */; };
		7CC89EAF24F2FA4600643D6C /* AppDelegate.swift in Sources */ = {isa = PBXBuildFile; fileRef = 7CC89EAE24F2FA4600643D6C /* AppDelegate.swift */; };
		7CC89EB124F2FA4600643D6C /* SceneDelegate.swift in Sources */ = {isa = PBXBuildFile; fileRef = 7CC89EB024F2FA4600643D6C /* SceneDelegate.swift */; };
		7CC89EB324F2FA4600643D6C /* ContentView.swift in Sources */ = {isa = PBXBuildFile; fileRef = 7CC89EB224F2FA4600643D6C /* ContentView.swift */; };
		7CC89EB524F2FA4800643D6C /* Assets.xcassets in Resources */ = {isa = PBXBuildFile; fileRef = 7CC89EB424F2FA4800643D6C /* Assets.xcassets */; };
		7CC89EB824F2FA4800643D6C /* Preview Assets.xcassets in Resources */ = {isa = PBXBuildFile; fileRef = 7CC89EB724F2FA4800643D6C /* Preview Assets.xcassets */; };
		7CC89EBB24F2FA4800643D6C /* LaunchScreen.storyboard in Resources */ = {isa = PBXBuildFile; fileRef = 7CC89EB924F2FA4800643D6C /* LaunchScreen.storyboard */; };
		7CC89EC724F2FA7600643D6C /* Movie.swift in Sources */ = {isa = PBXBuildFile; fileRef = 7CC89EC324F2FA7600643D6C /* Movie.swift */; };
		7CC89EC824F2FA7600643D6C /* Utils.swift in Sources */ = {isa = PBXBuildFile; fileRef = 7CC89EC424F2FA7600643D6C /* Utils.swift */; };
		7CC89ECA24F2FA7600643D6C /* movies.json in Resources */ = {isa = PBXBuildFile; fileRef = 7CC89EC624F2FA7600643D6C /* movies.json */; };
		7CC89ECC24F3008400643D6C /* MovieRow.swift in Sources */ = {isa = PBXBuildFile; fileRef = 7CC89ECB24F3008400643D6C /* MovieRow.swift */; };
/* End PBXBuildFile section */

/* Begin PBXFileReference section */
		7C2FF31924F5E9450079FBAD /* MovieDetail.swift */ = {isa = PBXFileReference; fileEncoding = 4; lastKnownFileType = sourcecode.swift; path = MovieDetail.swift; sourceTree = "<group>"; };
		7CC89EAB24F2FA4600643D6C /* Table View Use Cases.app */ = {isa = PBXFileReference; explicitFileType = wrapper.application; includeInIndex = 0; path = "Table View Use Cases.app"; sourceTree = BUILT_PRODUCTS_DIR; };
		7CC89EAE24F2FA4600643D6C /* AppDelegate.swift */ = {isa = PBXFileReference; lastKnownFileType = sourcecode.swift; path = AppDelegate.swift; sourceTree = "<group>"; };
		7CC89EB024F2FA4600643D6C /* SceneDelegate.swift */ = {isa = PBXFileReference; lastKnownFileType = sourcecode.swift; path = SceneDelegate.swift; sourceTree = "<group>"; };
		7CC89EB224F2FA4600643D6C /* ContentView.swift */ = {isa = PBXFileReference; lastKnownFileType = sourcecode.swift; path = ContentView.swift; sourceTree = "<group>"; };
		7CC89EB424F2FA4800643D6C /* Assets.xcassets */ = {isa = PBXFileReference; lastKnownFileType = folder.assetcatalog; path = Assets.xcassets; sourceTree = "<group>"; };
		7CC89EB724F2FA4800643D6C /* Preview Assets.xcassets */ = {isa = PBXFileReference; lastKnownFileType = folder.assetcatalog; path = "Preview Assets.xcassets"; sourceTree = "<group>"; };
		7CC89EBA24F2FA4800643D6C /* Base */ = {isa = PBXFileReference; lastKnownFileType = file.storyboard; name = Base; path = Base.lproj/LaunchScreen.storyboard; sourceTree = "<group>"; };
		7CC89EBC24F2FA4800643D6C /* Info.plist */ = {isa = PBXFileReference; lastKnownFileType = text.plist.xml; path = Info.plist; sourceTree = "<group>"; };
		7CC89EC324F2FA7600643D6C /* Movie.swift */ = {isa = PBXFileReference; fileEncoding = 4; lastKnownFileType = sourcecode.swift; path = Movie.swift; sourceTree = "<group>"; };
		7CC89EC424F2FA7600643D6C /* Utils.swift */ = {isa = PBXFileReference; fileEncoding = 4; lastKnownFileType = sourcecode.swift; path = Utils.swift; sourceTree = "<group>"; };
		7CC89EC624F2FA7600643D6C /* movies.json */ = {isa = PBXFileReference; fileEncoding = 4; lastKnownFileType = text.json; path = movies.json; sourceTree = "<group>"; };
		7CC89ECB24F3008400643D6C /* MovieRow.swift */ = {isa = PBXFileReference; lastKnownFileType = sourcecode.swift; path = MovieRow.swift; sourceTree = "<group>"; };
/* End PBXFileReference section */

/* Begin PBXFrameworksBuildPhase section */
		7CC89EA824F2FA4600643D6C /* Frameworks */ = {
			isa = PBXFrameworksBuildPhase;
			buildActionMask = 2147483647;
			files = (
			);
			runOnlyForDeploymentPostprocessing = 0;
		};
/* End PBXFrameworksBuildPhase section */

/* Begin PBXGroup section */
		7CC89EA224F2FA4600643D6C = {
			isa = PBXGroup;
			children = (
				7CC89EAD24F2FA4600643D6C /* Table View Use Cases */,
				7CC89EAC24F2FA4600643D6C /* Products */,
			);
			sourceTree = "<group>";
		};
		7CC89EAC24F2FA4600643D6C /* Products */ = {
			isa = PBXGroup;
			children = (
				7CC89EAB24F2FA4600643D6C /* Table View Use Cases.app */,
			);
			name = Products;
			sourceTree = "<group>";
		};
		7CC89EAD24F2FA4600643D6C /* Table View Use Cases */ = {
			isa = PBXGroup;
			children = (
				7CC89EAE24F2FA4600643D6C /* AppDelegate.swift */,
				7CC89EB024F2FA4600643D6C /* SceneDelegate.swift */,
				7CC89EB224F2FA4600643D6C /* ContentView.swift */,
				7CC89ECB24F3008400643D6C /* MovieRow.swift */,
				7C2FF31924F5E9450079FBAD /* MovieDetail.swift */,
				7CC89EB424F2FA4800643D6C /* Assets.xcassets */,
				7CC89EB924F2FA4800643D6C /* LaunchScreen.storyboard */,
				7CC89EBC24F2FA4800643D6C /* Info.plist */,
				7CC89EC224F2FA7600643D6C /* Model */,
				7CC89EC624F2FA7600643D6C /* movies.json */,
				7CC89EC424F2FA7600643D6C /* Utils.swift */,
				7CC89EB624F2FA4800643D6C /* Preview Content */,
			);
			path = "Table View Use Cases";
			sourceTree = "<group>";
		};
		7CC89EB624F2FA4800643D6C /* Preview Content */ = {
			isa = PBXGroup;
			children = (
				7CC89EB724F2FA4800643D6C /* Preview Assets.xcassets */,
			);
			path = "Preview Content";
			sourceTree = "<group>";
		};
		7CC89EC224F2FA7600643D6C /* Model */ = {
			isa = PBXGroup;
			children = (
				7CC89EC324F2FA7600643D6C /* Movie.swift */,
			);
			path = Model;
			sourceTree = "<group>";
		};
/* End PBXGroup section */

/* Begin PBXNativeTarget section */
		7CC89EAA24F2FA4600643D6C /* Table View Use Cases */ = {
			isa = PBXNativeTarget;
			buildConfigurationList = 7CC89EBF24F2FA4800643D6C /* Build configuration list for PBXNativeTarget "Table View Use Cases" */;
			buildPhases = (
				7CC89EA724F2FA4600643D6C /* Sources */,
				7CC89EA824F2FA4600643D6C /* Frameworks */,
				7CC89EA924F2FA4600643D6C /* Resources */,
			);
			buildRules = (
			);
			dependencies = (
			);
			name = "Table View Use Cases";
			productName = "Table View Use Cases";
			productReference = 7CC89EAB24F2FA4600643D6C /* Table View Use Cases.app */;
			productType = "com.apple.product-type.application";
		};
/* End PBXNativeTarget section */

/* Begin PBXProject section */
		7CC89EA324F2FA4600643D6C /* Project object */ = {
			isa = PBXProject;
			attributes = {
				LastSwiftUpdateCheck = 1160;
				LastUpgradeCheck = 1160;
				ORGANIZATIONNAME = Kobe;
				TargetAttributes = {
					7CC89EAA24F2FA4600643D6C = {
						CreatedOnToolsVersion = 11.6;
					};
				};
			};
			buildConfigurationList = 7CC89EA624F2FA4600643D6C /* Build configuration list for PBXProject "Table View Use Cases" */;
			compatibilityVersion = "Xcode 9.3";
			developmentRegion = en;
			hasScannedForEncodings = 0;
			knownRegions = (
				en,
				Base,
			);
			mainGroup = 7CC89EA224F2FA4600643D6C;
			productRefGroup = 7CC89EAC24F2FA4600643D6C /* Products */;
			projectDirPath = "";
			projectRoot = "";
			targets = (
				7CC89EAA24F2FA4600643D6C /* Table View Use Cases */,
			);
		};
/* End PBXProject section */

/* Begin PBXResourcesBuildPhase section */
		7CC89EA924F2FA4600643D6C /* Resources */ = {
			isa = PBXResourcesBuildPhase;
			buildActionMask = 2147483647;
			files = (
				7CC89EBB24F2FA4800643D6C /* LaunchScreen.storyboard in Resources */,
				7CC89EB824F2FA4800643D6C /* Preview Assets.xcassets in Resources */,
				7CC89ECA24F2FA7600643D6C /* movies.json in Resources */,
				7CC89EB524F2FA4800643D6C /* Assets.xcassets in Resources */,
			);
			runOnlyForDeploymentPostprocessing = 0;
		};
/* End PBXResourcesBuildPhase section */

/* Begin PBXSourcesBuildPhase section */
		7CC89EA724F2FA4600643D6C /* Sources */ = {
			isa = PBXSourcesBuildPhase;
			buildActionMask = 2147483647;
			files = (
				7CC89EC824F2FA7600643D6C /* Utils.swift in Sources */,
				7C2FF31A24F5E9450079FBAD /* MovieDetail.swift in Sources */,
				7CC89ECC24F3008400643D6C /* MovieRow.swift in Sources */,
				7CC89EAF24F2FA4600643D6C /* AppDelegate.swift in Sources */,
				7CC89EB124F2FA4600643D6C /* SceneDelegate.swift in Sources */,
				7CC89EC724F2FA7600643D6C /* Movie.swift in Sources */,
				7CC89EB324F2FA4600643D6C /* ContentView.swift in Sources */,
			);
			runOnlyForDeploymentPostprocessing = 0;
		};
/* End PBXSourcesBuildPhase section */

/* Begin PBXVariantGroup section */
		7CC89EB924F2FA4800643D6C /* LaunchScreen.storyboard */ = {
			isa = PBXVariantGroup;
			children = (
				7CC89EBA24F2FA4800643D6C /* Base */,
			);
			name = LaunchScreen.storyboard;
			sourceTree = "<group>";
		};
/* End PBXVariantGroup section */

/* Begin XCBuildConfiguration section */
		7CC89EBD24F2FA4800643D6C /* Debug */ = {
			isa = XCBuildConfiguration;
			buildSettings = {
				ALWAYS_SEARCH_USER_PATHS = NO;
				CLANG_ANALYZER_NONNULL = YES;
				CLANG_ANALYZER_NUMBER_OBJECT_CONVERSION = YES_AGGRESSIVE;
				CLANG_CXX_LANGUAGE_STANDARD = "gnu++14";
				CLANG_CXX_LIBRARY = "libc++";
				CLANG_ENABLE_MODULES = YES;
				CLANG_ENABLE_OBJC_ARC = YES;
				CLANG_ENABLE_OBJC_WEAK = YES;
				CLANG_WARN_BLOCK_CAPTURE_AUTORELEASING = YES;
				CLANG_WARN_BOOL_CONVERSION = YES;
				CLANG_WARN_COMMA = YES;
				CLANG_WARN_CONSTANT_CONVERSION = YES;
				CLANG_WARN_DEPRECATED_OBJC_IMPLEMENTATIONS = YES;
				CLANG_WARN_DIRECT_OBJC_ISA_USAGE = YES_ERROR;
				CLANG_WARN_DOCUMENTATION_COMMENTS = YES;
				CLANG_WARN_EMPTY_BODY = YES;
				CLANG_WARN_ENUM_CONVERSION = YES;
				CLANG_WARN_INFINITE_RECURSION = YES;
				CLANG_WARN_INT_CONVERSION = YES;
				CLANG_WARN_NON_LITERAL_NULL_CONVERSION = YES;
				CLANG_WARN_OBJC_IMPLICIT_RETAIN_SELF = YES;
				CLANG_WARN_OBJC_LITERAL_CONVERSION = YES;
				CLANG_WARN_OBJC_ROOT_CLASS = YES_ERROR;
				CLANG_WARN_RANGE_LOOP_ANALYSIS = YES;
				CLANG_WARN_STRICT_PROTOTYPES = YES;
				CLANG_WARN_SUSPICIOUS_MOVE = YES;
				CLANG_WARN_UNGUARDED_AVAILABILITY = YES_AGGRESSIVE;
				CLANG_WARN_UNREACHABLE_CODE = YES;
				CLANG_WARN__DUPLICATE_METHOD_MATCH = YES;
				COPY_PHASE_STRIP = NO;
				DEBUG_INFORMATION_FORMAT = dwarf;
				ENABLE_STRICT_OBJC_MSGSEND = YES;
				ENABLE_TESTABILITY = YES;
				GCC_C_LANGUAGE_STANDARD = gnu11;
				GCC_DYNAMIC_NO_PIC = NO;
				GCC_NO_COMMON_BLOCKS = YES;
				GCC_OPTIMIZATION_LEVEL = 0;
				GCC_PREPROCESSOR_DEFINITIONS = (
					"DEBUG=1",
					"$(inherited)",
				);
				GCC_WARN_64_TO_32_BIT_CONVERSION = YES;
				GCC_WARN_ABOUT_RETURN_TYPE = YES_ERROR;
				GCC_WARN_UNDECLARED_SELECTOR = YES;
				GCC_WARN_UNINITIALIZED_AUTOS = YES_AGGRESSIVE;
				GCC_WARN_UNUSED_FUNCTION = YES;
				GCC_WARN_UNUSED_VARIABLE = YES;
				IPHONEOS_DEPLOYMENT_TARGET = 13.6;
				MTL_ENABLE_DEBUG_INFO = INCLUDE_SOURCE;
				MTL_FAST_MATH = YES;
				ONLY_ACTIVE_ARCH = YES;
				SDKROOT = iphoneos;
				SWIFT_ACTIVE_COMPILATION_CONDITIONS = DEBUG;
				SWIFT_OPTIMIZATION_LEVEL = "-Onone";
			};
			name = Debug;
		};
		7CC89EBE24F2FA4800643D6C /* Release */ = {
			isa = XCBuildConfiguration;
			buildSettings = {
				ALWAYS_SEARCH_USER_PATHS = NO;
				CLANG_ANALYZER_NONNULL = YES;
				CLANG_ANALYZER_NUMBER_OBJECT_CONVERSION = YES_AGGRESSIVE;
				CLANG_CXX_LANGUAGE_STANDARD = "gnu++14";
				CLANG_CXX_LIBRARY = "libc++";
				CLANG_ENABLE_MODULES = YES;
				CLANG_ENABLE_OBJC_ARC = YES;
				CLANG_ENABLE_OBJC_WEAK = YES;
				CLANG_WARN_BLOCK_CAPTURE_AUTORELEASING = YES;
				CLANG_WARN_BOOL_CONVERSION = YES;
				CLANG_WARN_COMMA = YES;
				CLANG_WARN_CONSTANT_CONVERSION = YES;
				CLANG_WARN_DEPRECATED_OBJC_IMPLEMENTATIONS = YES;
				CLANG_WARN_DIRECT_OBJC_ISA_USAGE = YES_ERROR;
				CLANG_WARN_DOCUMENTATION_COMMENTS = YES;
				CLANG_WARN_EMPTY_BODY = YES;
				CLANG_WARN_ENUM_CONVERSION = YES;
				CLANG_WARN_INFINITE_RECURSION = YES;
				CLANG_WARN_INT_CONVERSION = YES;
				CLANG_WARN_NON_LITERAL_NULL_CONVERSION = YES;
				CLANG_WARN_OBJC_IMPLICIT_RETAIN_SELF = YES;
				CLANG_WARN_OBJC_LITERAL_CONVERSION = YES;
				CLANG_WARN_OBJC_ROOT_CLASS = YES_ERROR;
				CLANG_WARN_RANGE_LOOP_ANALYSIS = YES;
				CLANG_WARN_STRICT_PROTOTYPES = YES;
				CLANG_WARN_SUSPICIOUS_MOVE = YES;
				CLANG_WARN_UNGUARDED_AVAILABILITY = YES_AGGRESSIVE;
				CLANG_WARN_UNREACHABLE_CODE = YES;
				CLANG_WARN__DUPLICATE_METHOD_MATCH = YES;
				COPY_PHASE_STRIP = NO;
				DEBUG_INFORMATION_FORMAT = "dwarf-with-dsym";
				ENABLE_NS_ASSERTIONS = NO;
				ENABLE_STRICT_OBJC_MSGSEND = YES;
				GCC_C_LANGUAGE_STANDARD = gnu11;
				GCC_NO_COMMON_BLOCKS = YES;
				GCC_WARN_64_TO_32_BIT_CONVERSION = YES;
				GCC_WARN_ABOUT_RETURN_TYPE = YES_ERROR;
				GCC_WARN_UNDECLARED_SELECTOR = YES;
				GCC_WARN_UNINITIALIZED_AUTOS = YES_AGGRESSIVE;
				GCC_WARN_UNUSED_FUNCTION = YES;
				GCC_WARN_UNUSED_VARIABLE = YES;
				IPHONEOS_DEPLOYMENT_TARGET = 13.6;
				MTL_ENABLE_DEBUG_INFO = NO;
				MTL_FAST_MATH = YES;
				SDKROOT = iphoneos;
				SWIFT_COMPILATION_MODE = wholemodule;
				SWIFT_OPTIMIZATION_LEVEL = "-O";
				VALIDATE_PRODUCT = YES;
			};
			name = Release;
		};
		7CC89EC024F2FA4800643D6C /* Debug */ = {
			isa = XCBuildConfiguration;
			buildSettings = {
				ASSETCATALOG_COMPILER_APPICON_NAME = AppIcon;
				CODE_SIGN_STYLE = Automatic;
				DEVELOPMENT_ASSET_PATHS = "\"Table View Use Cases/Preview Content\"";
				DEVELOPMENT_TEAM = L86J8X38JC;
				ENABLE_PREVIEWS = YES;
				INFOPLIST_FILE = "Table View Use Cases/Info.plist";
				LD_RUNPATH_SEARCH_PATHS = (
					"$(inherited)",
					"@executable_path/Frameworks",
				);
				PRODUCT_BUNDLE_IDENTIFIER = "br.com.kobe.Table-View-Use-Cases";
				PRODUCT_NAME = "$(TARGET_NAME)";
				SWIFT_VERSION = 5.0;
				TARGETED_DEVICE_FAMILY = "1,2";
			};
			name = Debug;
		};
		7CC89EC124F2FA4800643D6C /* Release */ = {
			isa = XCBuildConfiguration;
			buildSettings = {
				ASSETCATALOG_COMPILER_APPICON_NAME = AppIcon;
				CODE_SIGN_STYLE = Automatic;
				DEVELOPMENT_ASSET_PATHS = "\"Table View Use Cases/Preview Content\"";
				DEVELOPMENT_TEAM = L86J8X38JC;
				ENABLE_PREVIEWS = YES;
				INFOPLIST_FILE = "Table View Use Cases/Info.plist";
				LD_RUNPATH_SEARCH_PATHS = (
					"$(inherited)",
					"@executable_path/Frameworks",
				);
				PRODUCT_BUNDLE_IDENTIFIER = "br.com.kobe.Table-View-Use-Cases";
				PRODUCT_NAME = "$(TARGET_NAME)";
				SWIFT_VERSION = 5.0;
				TARGETED_DEVICE_FAMILY = "1,2";
			};
			name = Release;
		};
/* End XCBuildConfiguration section */

/* Begin XCConfigurationList section */
		7CC89EA624F2FA4600643D6C /* Build configuration list for PBXProject "Table View Use Cases" */ = {
			isa = XCConfigurationList;
			buildConfigurations = (
				7CC89EBD24F2FA4800643D6C /* Debug */,
				7CC89EBE24F2FA4800643D6C /* Release */,
			);
			defaultConfigurationIsVisible = 0;
			defaultConfigurationName = Release;
		};
		7CC89EBF24F2FA4800643D6C /* Build configuration list for PBXNativeTarget "Table View Use Cases" */ = {
			isa = XCConfigurationList;
			buildConfigurations = (
				7CC89EC024F2FA4800643D6C /* Debug */,
				7CC89EC124F2FA4800643D6C /* Release */,
			);
			defaultConfigurationIsVisible = 0;
			defaultConfigurationName = Release;
		};
/* End XCConfigurationList section */
	};
	rootObject = 7CC89EA324F2FA4600643D6C /* Project object */;
}
